
Microsoft Visual Studio Solution File, Format Version 12.00
# Visual Studio Version 16
VisualStudioVersion = 16.0.30804.86
MinimumVisualStudioVersion = 10.0.40219.1
Project("{FAE04EC0-301F-11D3-BF4B-00C04F79EFBC}") = "XeroAuth2API", "XeroAuth2API.csproj", "{BE4708BF-5084-4AB5-85AF-E7792CDF78A3}"
EndProject
Global
	GlobalSection(SolutionConfigurationPlatforms) = preSolution
		Debug|Any CPU = Debug|Any CPU
		Release|Any CPU = Release|Any CPU
	EndGlobalSection
	GlobalSection(ProjectConfigurationPlatforms) = postSolution
		{BE4708BF-5084-4AB5-85AF-E7792CDF78A3}.Debug|Any CPU.ActiveCfg = Debug|Any CPU
		{BE4708BF-5084-4AB5-85AF-E7792CDF78A3}.Debug|Any CPU.Build.0 = Debug|Any CPU
		{BE4708BF-5084-4AB5-85AF-E7792CDF78A3}.Release|Any CPU.ActiveCfg = Release|Any CPU
		{BE4708BF-5084-4AB5-85AF-E7792CDF78A3}.Release|Any CPU.Build.0 = Release|Any CPU
		{FD4A77CB-7FF6-4C22-B222-D7B19F4DC8F2}.Debug|Any CPU.ActiveCfg = Debug|Any CPU
		{FD4A77CB-7FF6-4C22-B222-D7B19F4DC8F2}.Debug|Any CPU.Build.0 = Debug|Any CPU
		{FD4A77CB-7FF6-4C22-B222-D7B19F4DC8F2}.Release|Any CPU.ActiveCfg = Release|Any CPU
		{FD4A77CB-7FF6-4C22-B222-D7B19F4DC8F2}.Release|Any CPU.Build.0 = Release|Any CPU
	EndGlobalSection
	GlobalSection(SolutionProperties) = preSolution
		HideSolutionNode = FALSE
	EndGlobalSection
	GlobalSection(ExtensibilityGlobals) = postSolution
		SolutionGuid = {FAE68108-416F-42FE-8506-072A2A9069BA}
	EndGlobalSection
EndGlobal
